<?xml version="1.0" encoding="utf-8"?>
<Project ToolsVersion="4.0" xmlns="http://schemas.microsoft.com/developer/msbuild/2003">
  <ItemGroup>
    <ClCompile Include="..\..\src\codenodes\Document.cpp" />
    <ClCompile Include="..\..\src\codenodes\EndOfFileNode.cpp" />
    <ClCompile Include="..\..\src\codenodes\FuncNode.cpp" />
    <ClCompile Include="..\..\src\codenodes\JsonObjectStruct.cpp" />
    <ClCompile Include="..\..\src\codenodes\LineBreak.cpp" />
    <ClCompile Include="..\..\src\codenodes\NameNode.cpp" />
    <ClCompile Include="..\..\src\codenodes\SimpleTextNode.cpp" />
    <ClCompile Include="..\..\src\codenodes\SymbolNode.cpp" />
    <ClCompile Include="..\..\src\codenodes\EndOfFileNode.cpp">
      <Filter>library</Filter>
    </ClCompile>
    <ClCompile Include="..\..\src\codenodes\code_nodes.cpp" />
    <ClCompile Include="..\..\src\codenodes\Document.cpp" />
    <ClCompile Include="..\..\src\codenodes\FuncNode.cpp" />
    <ClCompile Include="..\..\src\codenodes\JsonObjectStruct.cpp" />
    <ClCompile Include="..\..\src\codenodes\LineBreak.cpp" />
    <ClCompile Include="..\..\src\codenodes\NameNode.cpp" />
    <ClCompile Include="..\..\src\codenodes\SimpleTextNode.cpp" />
    <ClCompile Include="..\..\src\codenodes\SymbolNode.cpp" />
    <ClCompile Include="..\..\tests\google_tests\cplusplus_test.cpp" />
    <ClCompile Include="..\..\tests\google_tests\parser_test.cpp" />
    <ClCompile Include="..\..\tests\google_tests\speed_test.cpp" />
    <ClCompile Include="..\..\tests\test.cpp" />
    <ClCompile Include="..\..\tests\google_tests\coding_operation_tests.cpp" />
    <ClCompile Include="..\..\tests\google_tests\tokenizers_test.cpp" />
    <ClCompile Include="..\..\tests\google_tests\syntax_error_tests.cpp" />
    <ClCompile Include="..\..\tests\google_tests\script_runtime_test.cpp" />
  </ItemGroup>
  <ItemGroup>
    <ClInclude Include="..\..\tests\test_common.h" />
  </ItemGroup>
  <ItemGroup>
    <None Include="packages.config" />
  </ItemGroup>
</Project>